
Microsoft Visual Studio Solution File, Format Version 12.00
# Visual Studio Version 17
VisualStudioVersion = 17.13.35818.85
MinimumVisualStudioVersion = 10.0.40219.1
Project("{FAE04EC0-301F-11D3-BF4B-00C04F79EFBC}") = "SRP", "SRP\SRP.csproj", "{767963EA-1A86-4484-8BF3-E234F01C5662}"
EndProject
Project("{FAE04EC0-301F-11D3-BF4B-00C04F79EFBC}") = "OCP", "OCP\OCP.csproj", "{93A22818-62E6-41EE-9166-D2BE27DA5065}"
EndProject
Project("{FAE04EC0-301F-11D3-BF4B-00C04F79EFBC}") = "LSP", "LSP\LSP.csproj", "{5143E426-55CA-484D-864A-8BF8B4C13952}"
EndProject
Project("{FAE04EC0-301F-11D3-BF4B-00C04F79EFBC}") = "ISP", "ISP\ISP.csproj", "{3C8FB9F5-1F99-4049-8B7D-BA3A831F78FF}"
EndProject
Project("{FAE04EC0-301F-11D3-BF4B-00C04F79EFBC}") = "Payroll_OCP", "Payroll_OCP\Payroll_OCP.csproj", "{3271465D-21E8-40EA-814A-061147CD4B0E}"
EndProject
Global
	GlobalSection(SolutionConfigurationPlatforms) = preSolution
		Debug|Any CPU = Debug|Any CPU
		Release|Any CPU = Release|Any CPU
	EndGlobalSection
	GlobalSection(ProjectConfigurationPlatforms) = postSolution
		{767963EA-1A86-4484-8BF3-E234F01C5662}.Debug|Any CPU.ActiveCfg = Debug|Any CPU
		{767963EA-1A86-4484-8BF3-E234F01C5662}.Debug|Any CPU.Build.0 = Debug|Any CPU
		{767963EA-1A86-4484-8BF3-E234F01C5662}.Release|Any CPU.ActiveCfg = Release|Any CPU
		{767963EA-1A86-4484-8BF3-E234F01C5662}.Release|Any CPU.Build.0 = Release|Any CPU
		{93A22818-62E6-41EE-9166-D2BE27DA5065}.Debug|Any CPU.ActiveCfg = Debug|Any CPU
		{93A22818-62E6-41EE-9166-D2BE27DA5065}.Debug|Any CPU.Build.0 = Debug|Any CPU
		{93A22818-62E6-41EE-9166-D2BE27DA5065}.Release|Any CPU.ActiveCfg = Release|Any CPU
		{93A22818-62E6-41EE-9166-D2BE27DA5065}.Release|Any CPU.Build.0 = Release|Any CPU
		{5143E426-55CA-484D-864A-8BF8B4C13952}.Debug|Any CPU.ActiveCfg = Debug|Any CPU
		{5143E426-55CA-484D-864A-8BF8B4C13952}.Debug|Any CPU.Build.0 = Debug|Any CPU
		{5143E426-55CA-484D-864A-8BF8B4C13952}.Release|Any CPU.ActiveCfg = Release|Any CPU
		{5143E426-55CA-484D-864A-8BF8B4C13952}.Release|Any CPU.Build.0 = Release|Any CPU
		{3C8FB9F5-1F99-4049-8B7D-BA3A831F78FF}.Debug|Any CPU.ActiveCfg = Debug|Any CPU
		{3C8FB9F5-1F99-4049-8B7D-BA3A831F78FF}.Debug|Any CPU.Build.0 = Debug|Any CPU
		{3C8FB9F5-1F99-4049-8B7D-BA3A831F78FF}.Release|Any CPU.ActiveCfg = Release|Any CPU
		{3C8FB9F5-1F99-4049-8B7D-BA3A831F78FF}.Release|Any CPU.Build.0 = Release|Any CPU
		{3271465D-21E8-40EA-814A-061147CD4B0E}.Debug|Any CPU.ActiveCfg = Debug|Any CPU
		{3271465D-21E8-40EA-814A-061147CD4B0E}.Debug|Any CPU.Build.0 = Debug|Any CPU
		{3271465D-21E8-40EA-814A-061147CD4B0E}.Release|Any CPU.ActiveCfg = Release|Any CPU
		{3271465D-21E8-40EA-814A-061147CD4B0E}.Release|Any CPU.Build.0 = Release|Any CPU
	EndGlobalSection
	GlobalSection(SolutionProperties) = preSolution
		HideSolutionNode = FALSE
	EndGlobalSection
	GlobalSection(ExtensibilityGlobals) = postSolution
		SolutionGuid = {04B91C25-1793-496C-93F1-415D1054BA6F}
	EndGlobalSection
EndGlobal
